
Microsoft Visual Studio Solution File, Format Version 12.00
# Visual Studio Version 17
VisualStudioVersion = 17.2.32630.192
MinimumVisualStudioVersion = 10.0.40219.1
Project("{FAE04EC0-301F-11D3-BF4B-00C04F79EFBC}") = "WebApplication2", "WebApplication2\WebApplication2.csproj", "{403E05B4-7FF1-47D3-9DAE-9F075B9F7798}"
EndProject
Global
	GlobalSection(SolutionConfigurationPlatforms) = preSolution
		Debug|Any CPU = Debug|Any CPU
		Release|Any CPU = Release|Any CPU
	EndGlobalSection
	GlobalSection(ProjectConfigurationPlatforms) = postSolution
		{403E05B4-7FF1-47D3-9DAE-9F075B9F7798}.Debug|Any CPU.ActiveCfg = Debug|Any CPU
		{403E05B4-7FF1-47D3-9DAE-9F075B9F7798}.Debug|Any CPU.Build.0 = Debug|Any CPU
		{403E05B4-7FF1-47D3-9DAE-9F075B9F7798}.Release|Any CPU.ActiveCfg = Release|Any CPU
		{403E05B4-7FF1-47D3-9DAE-9F075B9F7798}.Release|Any CPU.Build.0 = Release|Any CPU
	EndGlobalSection
	GlobalSection(SolutionProperties) = preSolution
		HideSolutionNode = FALSE
	EndGlobalSection
	GlobalSection(ExtensibilityGlobals) = postSolution
		SolutionGuid = {97688077-BCAF-4C34-A7F2-3511F8F22C25}
	EndGlobalSection
EndGlobal
